
Microsoft Visual Studio Solution File, Format Version 12.00
# Visual Studio Version 16
VisualStudioVersion = 16.0.31729.503
MinimumVisualStudioVersion = 10.0.40219.1
Project("{FAE04EC0-301F-11D3-BF4B-00C04F79EFBC}") = "TokenStady", "TokenStady\TokenStady.csproj", "{7A285501-E00D-40BF-A016-2D7073A7F89C}"
EndProject
Global
	GlobalSection(SolutionConfigurationPlatforms) = preSolution
		Debug|Any CPU = Debug|Any CPU
		Release|Any CPU = Release|Any CPU
	EndGlobalSection
	GlobalSection(ProjectConfigurationPlatforms) = postSolution
		{7A285501-E00D-40BF-A016-2D7073A7F89C}.Debug|Any CPU.ActiveCfg = Debug|Any CPU
		{7A285501-E00D-40BF-A016-2D7073A7F89C}.Debug|Any CPU.Build.0 = Debug|Any CPU
		{7A285501-E00D-40BF-A016-2D7073A7F89C}.Release|Any CPU.ActiveCfg = Release|Any CPU
		{7A285501-E00D-40BF-A016-2D7073A7F89C}.Release|Any CPU.Build.0 = Release|Any CPU
	EndGlobalSection
	GlobalSection(SolutionProperties) = preSolution
		HideSolutionNode = FALSE
	EndGlobalSection
	GlobalSection(ExtensibilityGlobals) = postSolution
		SolutionGuid = {D919F0FA-6108-4F22-9289-D53E763B8630}
	EndGlobalSection
EndGlobal
